
Microsoft Visual Studio Solution File, Format Version 12.00
# Visual Studio Version 17
VisualStudioVersion = 17.7.34003.232
MinimumVisualStudioVersion = 10.0.40219.1
Project("{FAE04EC0-301F-11D3-BF4B-00C04F79EFBC}") = "Fatorial", "Fatorial.csproj", "{68AAE6F2-A1FC-4061-AA01-0BD7742C8F3D}"
EndProject
Global
	GlobalSection(SolutionConfigurationPlatforms) = preSolution
		Debug|Any CPU = Debug|Any CPU
		Release|Any CPU = Release|Any CPU
	EndGlobalSection
	GlobalSection(ProjectConfigurationPlatforms) = postSolution
		{68AAE6F2-A1FC-4061-AA01-0BD7742C8F3D}.Debug|Any CPU.ActiveCfg = Debug|Any CPU
		{68AAE6F2-A1FC-4061-AA01-0BD7742C8F3D}.Debug|Any CPU.Build.0 = Debug|Any CPU
		{68AAE6F2-A1FC-4061-AA01-0BD7742C8F3D}.Release|Any CPU.ActiveCfg = Release|Any CPU
		{68AAE6F2-A1FC-4061-AA01-0BD7742C8F3D}.Release|Any CPU.Build.0 = Release|Any CPU
	EndGlobalSection
	GlobalSection(SolutionProperties) = preSolution
		HideSolutionNode = FALSE
	EndGlobalSection
	GlobalSection(ExtensibilityGlobals) = postSolution
		SolutionGuid = {CED17418-2D68-430B-8F22-F27529088151}
	EndGlobalSection
EndGlobal
